{
  "name": "app",
  "version": "1.0.0",
  "lockfileVersion": 2,
  "requires": true,
  "packages": {
    "": {
      "name": "app",
      "version": "1.0.0",
      "license": "ISC",
      "dependencies": {
        "serverless-http": "^3.1.0"
      }
    },
    "node_modules/serverless-http": {
      "version": "3.1.0",
      "resolved": "https://registry.npmjs.org/serverless-http/-/serverless-http-3.1.0.tgz",
      "integrity": "sha512-CwWO34otWjwJ3+meUlFoEhCOiEEpGDT/xnaZ835iMwF0PEL2GoMJMBRed6tUXYtrLAj4tTgkF6wiUbaJQyaEpw==",
      "engines": {
        "node": ">=12.0"
      }
    }
  },
  "dependencies": {
    "serverless-http": {
      "version": "3.1.0",
      "resolved": "https://registry.npmjs.org/serverless-http/-/serverless-http-3.1.0.tgz",
      "integrity": "sha512-CwWO34otWjwJ3+meUlFoEhCOiEEpGDT/xnaZ835iMwF0PEL2GoMJMBRed6tUXYtrLAj4tTgkF6wiUbaJQyaEpw=="
    }
  }
}
